// !$*UTF8*$!
{
	archiveVersion = 1;
	classes = {
	};
	objectVersion = 46;
	objects = {

/* Begin PBXBuildFile section */
		D145712C1D61EF6F00DEEF16 /* AppDelegate.swift in Sources */ = {isa = PBXBuildFile; fileRef = D145712B1D61EF6F00DEEF16 /* AppDelegate.swift */; };
		D145712E1D61EF6F00DEEF16 /* ViewController.swift in Sources */ = {isa = PBXBuildFile; fileRef = D145712D1D61EF6F00DEEF16 /* ViewController.swift */; };
		D14571301D61EF6F00DEEF16 /* Assets.xcassets in Resources */ = {isa = PBXBuildFile; fileRef = D145712F1D61EF6F00DEEF16 /* Assets.xcassets */; };
		D14571331D61EF6F00DEEF16 /* Main.storyboard in Resources */ = {isa = PBXBuildFile; fileRef = D14571311D61EF6F00DEEF16 /* Main.storyboard */; };
		D145713B1D61F16300DEEF16 /* GeneratePassword.swift in Sources */ = {isa = PBXBuildFile; fileRef = D145713A1D61F16300DEEF16 /* GeneratePassword.swift */; };
/* End PBXBuildFile section */

/* Begin PBXFileReference section */
		D14571281D61EF6F00DEEF16 /* Demo1_RandomPassword.app */ = {isa = PBXFileReference; explicitFileType = wrapper.application; includeInIndex = 0; path = Demo1_RandomPassword.app; sourceTree = BUILT_PRODUCTS_DIR; };
		D145712B1D61EF6F00DEEF16 /* AppDelegate.swift */ = {isa = PBXFileReference; lastKnownFileType = sourcecode.swift; path = AppDelegate.swift; sourceTree = "<group>"; };
		D145712D1D61EF6F00DEEF16 /* ViewController.swift */ = {isa = PBXFileReference; lastKnownFileType = sourcecode.swift; path = ViewController.swift; sourceTree = "<group>"; };
		D145712F1D61EF6F00DEEF16 /* Assets.xcassets */ = {isa = PBXFileReference; lastKnownFileType = folder.assetcatalog; path = Assets.xcassets; sourceTree = "<group>"; };
		D14571321D61EF6F00DEEF16 /* Base */ = {isa = PBXFileReference; lastKnownFileType = file.storyboard; name = Base; path = Base.lproj/Main.storyboard; sourceTree = "<group>"; };
		D14571341D61EF6F00DEEF16 /* Info.plist */ = {isa = PBXFileReference; lastKnownFileType = text.plist.xml; path = Info.plist; sourceTree = "<group>"; };
		D145713A1D61F16300DEEF16 /* GeneratePassword.swift */ = {isa = PBXFileReference; fileEncoding = 4; lastKnownFileType = sourcecode.swift; path = GeneratePassword.swift; sourceTree = "<group>"; };
/* End PBXFileReference section */

/* Begin PBXFrameworksBuildPhase section */
		D14571251D61EF6F00DEEF16 /* Frameworks */ = {
			isa = PBXFrameworksBuildPhase;
			buildActionMask = 2147483647;
			files = (
			);
			runOnlyForDeploymentPostprocessing = 0;
		};
/* End PBXFrameworksBuildPhase section */

/* Begin PBXGroup section */
		D145711F1D61EF6F00DEEF16 = {
			isa = PBXGroup;
			children = (
				D145712A1D61EF6F00DEEF16 /* Demo1_RandomPassword */,
				D14571291D61EF6F00DEEF16 /* Products */,
			);
			sourceTree = "<group>";
		};
		D14571291D61EF6F00DEEF16 /* Products */ = {
			isa = PBXGroup;
			children = (
				D14571281D61EF6F00DEEF16 /* Demo1_RandomPassword.app */,
			);
			name = Products;
			sourceTree = "<group>";
		};
		D145712A1D61EF6F00DEEF16 /* Demo1_RandomPassword */ = {
			isa = PBXGroup;
			children = (
				D145712B1D61EF6F00DEEF16 /* AppDelegate.swift */,
				D145712D1D61EF6F00DEEF16 /* ViewController.swift */,
				D145713A1D61F16300DEEF16 /* GeneratePassword.swift */,
				D145712F1D61EF6F00DEEF16 /* Assets.xcassets */,
				D14571311D61EF6F00DEEF16 /* Main.storyboard */,
				D14571341D61EF6F00DEEF16 /* Info.plist */,
			);
			path = Demo1_RandomPassword;
			sourceTree = "<group>";
		};
/* End PBXGroup section */

/* Begin PBXNativeTarget section */
		D14571271D61EF6F00DEEF16 /* Demo1_RandomPassword */ = {
			isa = PBXNativeTarget;
			buildConfigurationList = D14571371D61EF6F00DEEF16 /* Build configuration list for PBXNativeTarget "Demo1_RandomPassword" */;
			buildPhases = (
				D14571241D61EF6F00DEEF16 /* Sources */,
				D14571251D61EF6F00DEEF16 /* Frameworks */,
				D14571261D61EF6F00DEEF16 /* Resources */,
			);
			buildRules = (
			);
			dependencies = (
			);
			name = Demo1_RandomPassword;
			productName = Demo1_RandomPassword;
			productReference = D14571281D61EF6F00DEEF16 /* Demo1_RandomPassword.app */;
			productType = "com.apple.product-type.application";
		};
/* End PBXNativeTarget section */

/* Begin PBXProject section */
		D14571201D61EF6F00DEEF16 /* Project object */ = {
			isa = PBXProject;
			attributes = {
				LastSwiftUpdateCheck = 0730;
				LastUpgradeCheck = 0730;
				ORGANIZATIONNAME = Meitu;
				TargetAttributes = {
					D14571271D61EF6F00DEEF16 = {
						CreatedOnToolsVersion = 7.3.1;
					};
				};
			};
			buildConfigurationList = D14571231D61EF6F00DEEF16 /* Build configuration list for PBXProject "Demo1_RandomPassword" */;
			compatibilityVersion = "Xcode 3.2";
			developmentRegion = English;
			hasScannedForEncodings = 0;
			knownRegions = (
				en,
				Base,
			);
			mainGroup = D145711F1D61EF6F00DEEF16;
			productRefGroup = D14571291D61EF6F00DEEF16 /* Products */;
			projectDirPath = "";
			projectRoot = "";
			targets = (
				D14571271D61EF6F00DEEF16 /* Demo1_RandomPassword */,
			);
		};
/* End PBXProject section */

/* Begin PBXResourcesBuildPhase section */
		D14571261D61EF6F00DEEF16 /* Resources */ = {
			isa = PBXResourcesBuildPhase;
			buildActionMask = 2147483647;
			files = (
				D14571301D61EF6F00DEEF16 /* Assets.xcassets in Resources */,
				D14571331D61EF6F00DEEF16 /* Main.storyboard in Resources */,
			);
			runOnlyForDeploymentPostprocessing = 0;
		};
/* End PBXResourcesBuildPhase section */

/* Begin PBXSourcesBuildPhase section */
		D14571241D61EF6F00DEEF16 /* Sources */ = {
			isa = PBXSourcesBuildPhase;
			buildActionMask = 2147483647;
			files = (
				D145712E1D61EF6F00DEEF16 /* ViewController.swift in Sources */,
				D145713B1D61F16300DEEF16 /* GeneratePassword.swift in Sources */,
				D145712C1D61EF6F00DEEF16 /* AppDelegate.swift in Sources */,
			);
			runOnlyForDeploymentPostprocessing = 0;
		};
/* End PBXSourcesBuildPhase section */

/* Begin PBXVariantGroup section */
		D14571311D61EF6F00DEEF16 /* Main.storyboard */ = {
			isa = PBXVariantGroup;
			children = (
				D14571321D61EF6F00DEEF16 /* Base */,
			);
			name = Main.storyboard;
			sourceTree = "<group>";
		};
/* End PBXVariantGroup section */

/* Begin XCBuildConfiguration section */
		D14571351D61EF6F00DEEF16 /* Debug */ = {
			isa = XCBuildConfiguration;
			buildSettings = {
				ALWAYS_SEARCH_USER_PATHS = NO;
				CLANG_ANALYZER_NONNULL = YES;
				CLANG_CXX_LANGUAGE_STANDARD = "gnu++0x";
				CLANG_CXX_LIBRARY = "libc++";
				CLANG_ENABLE_MODULES = YES;
				CLANG_ENABLE_OBJC_ARC = YES;
				CLANG_WARN_BOOL_CONVERSION = YES;
				CLANG_WARN_CONSTANT_CONVERSION = YES;
				CLANG_WARN_DIRECT_OBJC_ISA_USAGE = YES_ERROR;
				CLANG_WARN_EMPTY_BODY = YES;
				CLANG_WARN_ENUM_CONVERSION = YES;
				CLANG_WARN_INT_CONVERSION = YES;
				CLANG_WARN_OBJC_ROOT_CLASS = YES_ERROR;
				CLANG_WARN_UNREACHABLE_CODE = YES;
				CLANG_WARN__DUPLICATE_METHOD_MATCH = YES;
				CODE_SIGN_IDENTITY = "-";
				COPY_PHASE_STRIP = NO;
				DEBUG_INFORMATION_FORMAT = dwarf;
				ENABLE_STRICT_OBJC_MSGSEND = YES;
				ENABLE_TESTABILITY = YES;
				GCC_C_LANGUAGE_STANDARD = gnu99;
				GCC_DYNAMIC_NO_PIC = NO;
				GCC_NO_COMMON_BLOCKS = YES;
				GCC_OPTIMIZATION_LEVEL = 0;
				GCC_PREPROCESSOR_DEFINITIONS = (
					"DEBUG=1",
					"$(inherited)",
				);
				GCC_WARN_64_TO_32_BIT_CONVERSION = YES;
				GCC_WARN_ABOUT_RETURN_TYPE = YES_ERROR;
				GCC_WARN_UNDECLARED_SELECTOR = YES;
				GCC_WARN_UNINITIALIZED_AUTOS = YES_AGGRESSIVE;
				GCC_WARN_UNUSED_FUNCTION = YES;
				GCC_WARN_UNUSED_VARIABLE = YES;
				MACOSX_DEPLOYMENT_TARGET = 10.11;
				MTL_ENABLE_DEBUG_INFO = YES;
				ONLY_ACTIVE_ARCH = YES;
				SDKROOT = macosx;
				SWIFT_OPTIMIZATION_LEVEL = "-Onone";
			};
			name = Debug;
		};
		D14571361D61EF6F00DEEF16 /* Release */ = {
			isa = XCBuildConfiguration;
			buildSettings = {
				ALWAYS_SEARCH_USER_PATHS = NO;
				CLANG_ANALYZER_NONNULL = YES;
				CLANG_CXX_LANGUAGE_STANDARD = "gnu++0x";
				CLANG_CXX_LIBRARY = "libc++";
				CLANG_ENABLE_MODULES = YES;
				CLANG_ENABLE_OBJC_ARC = YES;
				CLANG_WARN_BOOL_CONVERSION = YES;
				CLANG_WARN_CONSTANT_CONVERSION = YES;
				CLANG_WARN_DIRECT_OBJC_ISA_USAGE = YES_ERROR;
				CLANG_WARN_EMPTY_BODY = YES;
				CLANG_WARN_ENUM_CONVERSION = YES;
				CLANG_WARN_INT_CONVERSION = YES;
				CLANG_WARN_OBJC_ROOT_CLASS = YES_ERROR;
				CLANG_WARN_UNREACHABLE_CODE = YES;
				CLANG_WARN__DUPLICATE_METHOD_MATCH = YES;
				CODE_SIGN_IDENTITY = "-";
				COPY_PHASE_STRIP = NO;
				DEBUG_INFORMATION_FORMAT = "dwarf-with-dsym";
				ENABLE_NS_ASSERTIONS = NO;
				ENABLE_STRICT_OBJC_MSGSEND = YES;
				GCC_C_LANGUAGE_STANDARD = gnu99;
				GCC_NO_COMMON_BLOCKS = YES;
				GCC_WARN_64_TO_32_BIT_CONVERSION = YES;
				GCC_WARN_ABOUT_RETURN_TYPE = YES_ERROR;
				GCC_WARN_UNDECLARED_SELECTOR = YES;
				GCC_WARN_UNINITIALIZED_AUTOS = YES_AGGRESSIVE;
				GCC_WARN_UNUSED_FUNCTION = YES;
				GCC_WARN_UNUSED_VARIABLE = YES;
				MACOSX_DEPLOYMENT_TARGET = 10.11;
				MTL_ENABLE_DEBUG_INFO = NO;
				SDKROOT = macosx;
			};
			name = Release;
		};
		D14571381D61EF6F00DEEF16 /* Debug */ = {
			isa = XCBuildConfiguration;
			buildSettings = {
				ASSETCATALOG_COMPILER_APPICON_NAME = AppIcon;
				COMBINE_HIDPI_IMAGES = YES;
				INFOPLIST_FILE = Demo1_RandomPassword/Info.plist;
				LD_RUNPATH_SEARCH_PATHS = "$(inherited) @executable_path/../Frameworks";
				PRODUCT_BUNDLE_IDENTIFIER = "com.meitu.Demo1-RandomPassword";
				PRODUCT_NAME = "$(TARGET_NAME)";
			};
			name = Debug;
		};
		D14571391D61EF6F00DEEF16 /* Release */ = {
			isa = XCBuildConfiguration;
			buildSettings = {
				ASSETCATALOG_COMPILER_APPICON_NAME = AppIcon;
				COMBINE_HIDPI_IMAGES = YES;
				INFOPLIST_FILE = Demo1_RandomPassword/Info.plist;
				LD_RUNPATH_SEARCH_PATHS = "$(inherited) @executable_path/../Frameworks";
				PRODUCT_BUNDLE_IDENTIFIER = "com.meitu.Demo1-RandomPassword";
				PRODUCT_NAME = "$(TARGET_NAME)";
			};
			name = Release;
		};
/* End XCBuildConfiguration section */

/* Begin XCConfigurationList section */
		D14571231D61EF6F00DEEF16 /* Build configuration list for PBXProject "Demo1_RandomPassword" */ = {
			isa = XCConfigurationList;
			buildConfigurations = (
				D14571351D61EF6F00DEEF16 /* Debug */,
				D14571361D61EF6F00DEEF16 /* Release */,
			);
			defaultConfigurationIsVisible = 0;
			defaultConfigurationName = Release;
		};
		D14571371D61EF6F00DEEF16 /* Build configuration list for PBXNativeTarget "Demo1_RandomPassword" */ = {
			isa = XCConfigurationList;
			buildConfigurations = (
				D14571381D61EF6F00DEEF16 /* Debug */,
				D14571391D61EF6F00DEEF16 /* Release */,
			);
			defaultConfigurationIsVisible = 0;
		};
/* End XCConfigurationList section */
	};
	rootObject = D14571201D61EF6F00DEEF16 /* Project object */;
}
